
Microsoft Visual Studio Solution File, Format Version 12.00
# Visual Studio 15
VisualStudioVersion = 15.0.26730.12
MinimumVisualStudioVersion = 10.0.40219.1
Project("{FAE04EC0-301F-11D3-BF4B-00C04F79EFBC}") = "Windowform1", "Windowform1\Windowform1.csproj", "{CCB6655B-97C8-4555-AD27-4D3633BDAE2E}"
EndProject
Global
	GlobalSection(SolutionConfigurationPlatforms) = preSolution
		Debug|Any CPU = Debug|Any CPU
		Release|Any CPU = Release|Any CPU
	EndGlobalSection
	GlobalSection(ProjectConfigurationPlatforms) = postSolution
		{CCB6655B-97C8-4555-AD27-4D3633BDAE2E}.Debug|Any CPU.ActiveCfg = Debug|Any CPU
		{CCB6655B-97C8-4555-AD27-4D3633BDAE2E}.Debug|Any CPU.Build.0 = Debug|Any CPU
		{CCB6655B-97C8-4555-AD27-4D3633BDAE2E}.Release|Any CPU.ActiveCfg = Release|Any CPU
		{CCB6655B-97C8-4555-AD27-4D3633BDAE2E}.Release|Any CPU.Build.0 = Release|Any CPU
	EndGlobalSection
	GlobalSection(SolutionProperties) = preSolution
		HideSolutionNode = FALSE
	EndGlobalSection
	GlobalSection(ExtensibilityGlobals) = postSolution
		SolutionGuid = {5611A0E8-B2D6-4CBA-A662-D369CEBED19F}
	EndGlobalSection
EndGlobal
